
Microsoft Visual Studio Solution File, Format Version 12.00
# Visual Studio Version 17
VisualStudioVersion = 17.11.35312.102
MinimumVisualStudioVersion = 10.0.40219.1
Project("{FAE04EC0-301F-11D3-BF4B-00C04F79EFBC}") = "YoutubeChannel", "YoutubeChannel.csproj", "{3DF6F0BE-4EA0-4952-8E0E-D4CD061C6748}"
EndProject
Global
	GlobalSection(SolutionConfigurationPlatforms) = preSolution
		Debug|Any CPU = Debug|Any CPU
		Release|Any CPU = Release|Any CPU
	EndGlobalSection
	GlobalSection(ProjectConfigurationPlatforms) = postSolution
		{3DF6F0BE-4EA0-4952-8E0E-D4CD061C6748}.Debug|Any CPU.ActiveCfg = Debug|Any CPU
		{3DF6F0BE-4EA0-4952-8E0E-D4CD061C6748}.Debug|Any CPU.Build.0 = Debug|Any CPU
		{3DF6F0BE-4EA0-4952-8E0E-D4CD061C6748}.Release|Any CPU.ActiveCfg = Release|Any CPU
		{3DF6F0BE-4EA0-4952-8E0E-D4CD061C6748}.Release|Any CPU.Build.0 = Release|Any CPU
	EndGlobalSection
	GlobalSection(SolutionProperties) = preSolution
		HideSolutionNode = FALSE
	EndGlobalSection
	GlobalSection(ExtensibilityGlobals) = postSolution
		SolutionGuid = {9334C383-0AF9-45CC-99DC-42434EA26E2C}
	EndGlobalSection
EndGlobal
